
Microsoft Visual Studio Solution File, Format Version 12.00
# Visual Studio 2012
Project("{FAE04EC0-301F-11D3-BF4B-00C04F79EFBC}") = "hw1t2", "hw1t2\hw1t2.csproj", "{49CE8F41-158D-4295-B2EE-6FFC8FF7AE5D}"
EndProject
Global
	GlobalSection(SolutionConfigurationPlatforms) = preSolution
		Debug|Any CPU = Debug|Any CPU
		Release|Any CPU = Release|Any CPU
	EndGlobalSection
	GlobalSection(ProjectConfigurationPlatforms) = postSolution
		{49CE8F41-158D-4295-B2EE-6FFC8FF7AE5D}.Debug|Any CPU.ActiveCfg = Debug|Any CPU
		{49CE8F41-158D-4295-B2EE-6FFC8FF7AE5D}.Debug|Any CPU.Build.0 = Debug|Any CPU
		{49CE8F41-158D-4295-B2EE-6FFC8FF7AE5D}.Release|Any CPU.ActiveCfg = Release|Any CPU
		{49CE8F41-158D-4295-B2EE-6FFC8FF7AE5D}.Release|Any CPU.Build.0 = Release|Any CPU
	EndGlobalSection
	GlobalSection(SolutionProperties) = preSolution
		HideSolutionNode = FALSE
	EndGlobalSection
EndGlobal
