
Microsoft Visual Studio Solution File, Format Version 12.00
# Visual Studio 2012
Project("{FAE04EC0-301F-11D3-BF4B-00C04F79EFBC}") = "3.2.2", "3.2.2\3.2.2.csproj", "{80F47C66-9815-492B-8B34-5E6EF9F110D4}"
EndProject
Project("{FAE04EC0-301F-11D3-BF4B-00C04F79EFBC}") = "UnitTest", "UnitTest\UnitTest.csproj", "{BBCE5C22-AD96-4CF8-9D72-94149988EDC5}"
EndProject
Global
	GlobalSection(SolutionConfigurationPlatforms) = preSolution
		Debug|Any CPU = Debug|Any CPU
		Release|Any CPU = Release|Any CPU
	EndGlobalSection
	GlobalSection(ProjectConfigurationPlatforms) = postSolution
		{80F47C66-9815-492B-8B34-5E6EF9F110D4}.Debug|Any CPU.ActiveCfg = Debug|Any CPU
		{80F47C66-9815-492B-8B34-5E6EF9F110D4}.Debug|Any CPU.Build.0 = Debug|Any CPU
		{80F47C66-9815-492B-8B34-5E6EF9F110D4}.Release|Any CPU.ActiveCfg = Release|Any CPU
		{80F47C66-9815-492B-8B34-5E6EF9F110D4}.Release|Any CPU.Build.0 = Release|Any CPU
		{BBCE5C22-AD96-4CF8-9D72-94149988EDC5}.Debug|Any CPU.ActiveCfg = Debug|Any CPU
		{BBCE5C22-AD96-4CF8-9D72-94149988EDC5}.Debug|Any CPU.Build.0 = Debug|Any CPU
		{BBCE5C22-AD96-4CF8-9D72-94149988EDC5}.Release|Any CPU.ActiveCfg = Release|Any CPU
		{BBCE5C22-AD96-4CF8-9D72-94149988EDC5}.Release|Any CPU.Build.0 = Release|Any CPU
	EndGlobalSection
	GlobalSection(SolutionProperties) = preSolution
		HideSolutionNode = FALSE
	EndGlobalSection
EndGlobal
