
Microsoft Visual Studio Solution File, Format Version 12.00
# Visual Studio 2012
Project("{FAE04EC0-301F-11D3-BF4B-00C04F79EFBC}") = "hw321", "hw321\hw321.csproj", "{517FEB3A-0E64-4A4A-A064-874D95751F8C}"
EndProject
Project("{FAE04EC0-301F-11D3-BF4B-00C04F79EFBC}") = "UnitTests", "UnitTests\UnitTests.csproj", "{F22182CA-0A45-4994-89A6-F44C80BA18A4}"
EndProject
Global
	GlobalSection(SolutionConfigurationPlatforms) = preSolution
		Debug|Any CPU = Debug|Any CPU
		Release|Any CPU = Release|Any CPU
	EndGlobalSection
	GlobalSection(ProjectConfigurationPlatforms) = postSolution
		{517FEB3A-0E64-4A4A-A064-874D95751F8C}.Debug|Any CPU.ActiveCfg = Debug|Any CPU
		{517FEB3A-0E64-4A4A-A064-874D95751F8C}.Debug|Any CPU.Build.0 = Debug|Any CPU
		{517FEB3A-0E64-4A4A-A064-874D95751F8C}.Release|Any CPU.ActiveCfg = Release|Any CPU
		{517FEB3A-0E64-4A4A-A064-874D95751F8C}.Release|Any CPU.Build.0 = Release|Any CPU
		{F22182CA-0A45-4994-89A6-F44C80BA18A4}.Debug|Any CPU.ActiveCfg = Debug|Any CPU
		{F22182CA-0A45-4994-89A6-F44C80BA18A4}.Debug|Any CPU.Build.0 = Debug|Any CPU
		{F22182CA-0A45-4994-89A6-F44C80BA18A4}.Release|Any CPU.ActiveCfg = Release|Any CPU
		{F22182CA-0A45-4994-89A6-F44C80BA18A4}.Release|Any CPU.Build.0 = Release|Any CPU
	EndGlobalSection
	GlobalSection(SolutionProperties) = preSolution
		HideSolutionNode = FALSE
	EndGlobalSection
EndGlobal
